
Microsoft Visual Studio Solution File, Format Version 12.00
# Visual Studio Version 17
VisualStudioVersion = 17.1.32210.238
MinimumVisualStudioVersion = 10.0.40219.1
Project("{9A19103F-16F7-4668-BE54-9A1E7A4F7556}") = "WebShopAdminAPI", "WebShopAdminAPI\WebShopAdminAPI.csproj", "{92C8E5BC-474C-41CD-A4D8-23813FB1F264}"
EndProject
Project("{2150E333-8FDC-42A3-9474-1A3956D46DE8}") = "Solution Items", "Solution Items", "{D10A24E0-7A96-4D92-8058-866199A948B9}"
	ProjectSection(SolutionItems) = preProject
		docker-compose.yml = docker-compose.yml
	EndProjectSection
EndProject
Project("{E53339B2-1760-4266-BCC7-CA923CBCF16C}") = "docker-compose", "docker-compose.dcproj", "{E5CA206D-10AE-4D32-9822-D7BDABBBDC57}"
EndProject
Project("{9A19103F-16F7-4668-BE54-9A1E7A4F7556}") = "WebShopAdminApplication", "WebShopAdminApplication\WebShopAdminApplication.csproj", "{D99BA8FC-C313-4CBE-96B1-4E1D3FB1B63E}"
EndProject
Project("{9A19103F-16F7-4668-BE54-9A1E7A4F7556}") = "WebShopCatalogConsumer", "WebShopCatalogConsumer\WebShopCatalogConsumer.csproj", "{BC46A17B-93B7-4F24-A2CF-1D969761B0F8}"
EndProject
Project("{9A19103F-16F7-4668-BE54-9A1E7A4F7556}") = "WebShopContracts", "WebShopContracts\WebShopContracts.csproj", "{BF43E8BA-3CAF-4D48-A97D-67CBA8651A1C}"
EndProject
Project("{9A19103F-16F7-4668-BE54-9A1E7A4F7556}") = "WebShopCatalogApplication", "WebShopCatalogApplication\WebShopCatalogApplication.csproj", "{75E3B712-4B28-4C32-9C87-EB0D078C538B}"
EndProject
Project("{9A19103F-16F7-4668-BE54-9A1E7A4F7556}") = "WebShopCatalogAPI", "WebShopCatalogAPI\WebShopCatalogAPI.csproj", "{51957E8F-CB7A-42DF-B3AF-9370D89C37D7}"
EndProject
Project("{FAE04EC0-301F-11D3-BF4B-00C04F79EFBC}") = "WebShopAdminGateway", "WebShopAdminGateway\WebShopAdminGateway.csproj", "{67901F93-B01A-4539-8351-235D4F80B4FF}"
EndProject
Global
	GlobalSection(SolutionConfigurationPlatforms) = preSolution
		Debug|Any CPU = Debug|Any CPU
		Release|Any CPU = Release|Any CPU
	EndGlobalSection
	GlobalSection(ProjectConfigurationPlatforms) = postSolution
		{92C8E5BC-474C-41CD-A4D8-23813FB1F264}.Debug|Any CPU.ActiveCfg = Debug|Any CPU
		{92C8E5BC-474C-41CD-A4D8-23813FB1F264}.Debug|Any CPU.Build.0 = Debug|Any CPU
		{92C8E5BC-474C-41CD-A4D8-23813FB1F264}.Release|Any CPU.ActiveCfg = Release|Any CPU
		{92C8E5BC-474C-41CD-A4D8-23813FB1F264}.Release|Any CPU.Build.0 = Release|Any CPU
		{E5CA206D-10AE-4D32-9822-D7BDABBBDC57}.Debug|Any CPU.ActiveCfg = Debug|Any CPU
		{E5CA206D-10AE-4D32-9822-D7BDABBBDC57}.Debug|Any CPU.Build.0 = Debug|Any CPU
		{E5CA206D-10AE-4D32-9822-D7BDABBBDC57}.Release|Any CPU.ActiveCfg = Release|Any CPU
		{E5CA206D-10AE-4D32-9822-D7BDABBBDC57}.Release|Any CPU.Build.0 = Release|Any CPU
		{D99BA8FC-C313-4CBE-96B1-4E1D3FB1B63E}.Debug|Any CPU.ActiveCfg = Debug|Any CPU
		{D99BA8FC-C313-4CBE-96B1-4E1D3FB1B63E}.Debug|Any CPU.Build.0 = Debug|Any CPU
		{D99BA8FC-C313-4CBE-96B1-4E1D3FB1B63E}.Release|Any CPU.ActiveCfg = Release|Any CPU
		{D99BA8FC-C313-4CBE-96B1-4E1D3FB1B63E}.Release|Any CPU.Build.0 = Release|Any CPU
		{BC46A17B-93B7-4F24-A2CF-1D969761B0F8}.Debug|Any CPU.ActiveCfg = Debug|Any CPU
		{BC46A17B-93B7-4F24-A2CF-1D969761B0F8}.Debug|Any CPU.Build.0 = Debug|Any CPU
		{BC46A17B-93B7-4F24-A2CF-1D969761B0F8}.Release|Any CPU.ActiveCfg = Release|Any CPU
		{BC46A17B-93B7-4F24-A2CF-1D969761B0F8}.Release|Any CPU.Build.0 = Release|Any CPU
		{BF43E8BA-3CAF-4D48-A97D-67CBA8651A1C}.Debug|Any CPU.ActiveCfg = Debug|Any CPU
		{BF43E8BA-3CAF-4D48-A97D-67CBA8651A1C}.Debug|Any CPU.Build.0 = Debug|Any CPU
		{BF43E8BA-3CAF-4D48-A97D-67CBA8651A1C}.Release|Any CPU.ActiveCfg = Release|Any CPU
		{BF43E8BA-3CAF-4D48-A97D-67CBA8651A1C}.Release|Any CPU.Build.0 = Release|Any CPU
		{75E3B712-4B28-4C32-9C87-EB0D078C538B}.Debug|Any CPU.ActiveCfg = Debug|Any CPU
		{75E3B712-4B28-4C32-9C87-EB0D078C538B}.Debug|Any CPU.Build.0 = Debug|Any CPU
		{75E3B712-4B28-4C32-9C87-EB0D078C538B}.Release|Any CPU.ActiveCfg = Release|Any CPU
		{75E3B712-4B28-4C32-9C87-EB0D078C538B}.Release|Any CPU.Build.0 = Release|Any CPU
		{51957E8F-CB7A-42DF-B3AF-9370D89C37D7}.Debug|Any CPU.ActiveCfg = Debug|Any CPU
		{51957E8F-CB7A-42DF-B3AF-9370D89C37D7}.Debug|Any CPU.Build.0 = Debug|Any CPU
		{51957E8F-CB7A-42DF-B3AF-9370D89C37D7}.Release|Any CPU.ActiveCfg = Release|Any CPU
		{51957E8F-CB7A-42DF-B3AF-9370D89C37D7}.Release|Any CPU.Build.0 = Release|Any CPU
		{67901F93-B01A-4539-8351-235D4F80B4FF}.Debug|Any CPU.ActiveCfg = Debug|Any CPU
		{67901F93-B01A-4539-8351-235D4F80B4FF}.Debug|Any CPU.Build.0 = Debug|Any CPU
		{67901F93-B01A-4539-8351-235D4F80B4FF}.Release|Any CPU.ActiveCfg = Release|Any CPU
		{67901F93-B01A-4539-8351-235D4F80B4FF}.Release|Any CPU.Build.0 = Release|Any CPU
	EndGlobalSection
	GlobalSection(SolutionProperties) = preSolution
		HideSolutionNode = FALSE
	EndGlobalSection
	GlobalSection(ExtensibilityGlobals) = postSolution
		SolutionGuid = {80977830-6F88-4C16-82E6-C432BC9D7EB9}
	EndGlobalSection
EndGlobal
